// !$*UTF8*$!
{
	archiveVersion = 1;
	classes = {
	};
	objectVersion = 46;
	objects = {

/* Begin PBXBuildFile section */
		D0CCC43C1AFA0586009B1E47 /* AppDelegate.swift in Sources */ = {isa = PBXBuildFile; fileRef = D0CCC43B1AFA0586009B1E47 /* AppDelegate.swift */; };
		D0CCC43E1AFA0586009B1E47 /* GameScene.sks in Resources */ = {isa = PBXBuildFile; fileRef = D0CCC43D1AFA0586009B1E47 /* GameScene.sks */; };
		D0CCC4401AFA0586009B1E47 /* GameScene.swift in Sources */ = {isa = PBXBuildFile; fileRef = D0CCC43F1AFA0586009B1E47 /* GameScene.swift */; };
		D0CCC4421AFA0586009B1E47 /* GameViewController.swift in Sources */ = {isa = PBXBuildFile; fileRef = D0CCC4411AFA0586009B1E47 /* GameViewController.swift */; };
		D0CCC4451AFA0586009B1E47 /* Main.storyboard in Resources */ = {isa = PBXBuildFile; fileRef = D0CCC4431AFA0586009B1E47 /* Main.storyboard */; };
		D0CCC4471AFA0586009B1E47 /* Images.xcassets in Resources */ = {isa = PBXBuildFile; fileRef = D0CCC4461AFA0586009B1E47 /* Images.xcassets */; };
		D0CCC44A1AFA0586009B1E47 /* LaunchScreen.xib in Resources */ = {isa = PBXBuildFile; fileRef = D0CCC4481AFA0586009B1E47 /* LaunchScreen.xib */; };
		D0CCC4561AFA0586009B1E47 /* iADInterStitialTestTests.swift in Sources */ = {isa = PBXBuildFile; fileRef = D0CCC4551AFA0586009B1E47 /* iADInterStitialTestTests.swift */; };
		D0CCC4601AFA05B7009B1E47 /* iAd.framework in Frameworks */ = {isa = PBXBuildFile; fileRef = D0CCC45F1AFA05B7009B1E47 /* iAd.framework */; };
		D0CCC4641AFA1306009B1E47 /* close.png in Resources */ = {isa = PBXBuildFile; fileRef = D0CCC4631AFA1306009B1E47 /* close.png */; };
/* End PBXBuildFile section */

/* Begin PBXContainerItemProxy section */
		D0CCC4501AFA0586009B1E47 /* PBXContainerItemProxy */ = {
			isa = PBXContainerItemProxy;
			containerPortal = D0CCC42E1AFA0586009B1E47 /* Project object */;
			proxyType = 1;
			remoteGlobalIDString = D0CCC4351AFA0586009B1E47;
			remoteInfo = iADInterStitialTest;
		};
/* End PBXContainerItemProxy section */

/* Begin PBXFileReference section */
		D0CCC4361AFA0586009B1E47 /* iADInterStitialTest.app */ = {isa = PBXFileReference; explicitFileType = wrapper.application; includeInIndex = 0; path = iADInterStitialTest.app; sourceTree = BUILT_PRODUCTS_DIR; };
		D0CCC43A1AFA0586009B1E47 /* Info.plist */ = {isa = PBXFileReference; lastKnownFileType = text.plist.xml; path = Info.plist; sourceTree = "<group>"; };
		D0CCC43B1AFA0586009B1E47 /* AppDelegate.swift */ = {isa = PBXFileReference; lastKnownFileType = sourcecode.swift; path = AppDelegate.swift; sourceTree = "<group>"; };
		D0CCC43D1AFA0586009B1E47 /* GameScene.sks */ = {isa = PBXFileReference; lastKnownFileType = file.sks; path = GameScene.sks; sourceTree = "<group>"; };
		D0CCC43F1AFA0586009B1E47 /* GameScene.swift */ = {isa = PBXFileReference; lastKnownFileType = sourcecode.swift; path = GameScene.swift; sourceTree = "<group>"; };
		D0CCC4411AFA0586009B1E47 /* GameViewController.swift */ = {isa = PBXFileReference; lastKnownFileType = sourcecode.swift; path = GameViewController.swift; sourceTree = "<group>"; };
		D0CCC4441AFA0586009B1E47 /* Base */ = {isa = PBXFileReference; lastKnownFileType = file.storyboard; name = Base; path = Base.lproj/Main.storyboard; sourceTree = "<group>"; };
		D0CCC4461AFA0586009B1E47 /* Images.xcassets */ = {isa = PBXFileReference; lastKnownFileType = folder.assetcatalog; path = Images.xcassets; sourceTree = "<group>"; };
		D0CCC4491AFA0586009B1E47 /* Base */ = {isa = PBXFileReference; lastKnownFileType = file.xib; name = Base; path = Base.lproj/LaunchScreen.xib; sourceTree = "<group>"; };
		D0CCC44F1AFA0586009B1E47 /* iADInterStitialTestTests.xctest */ = {isa = PBXFileReference; explicitFileType = wrapper.cfbundle; includeInIndex = 0; path = iADInterStitialTestTests.xctest; sourceTree = BUILT_PRODUCTS_DIR; };
		D0CCC4541AFA0586009B1E47 /* Info.plist */ = {isa = PBXFileReference; lastKnownFileType = text.plist.xml; path = Info.plist; sourceTree = "<group>"; };
		D0CCC4551AFA0586009B1E47 /* iADInterStitialTestTests.swift */ = {isa = PBXFileReference; lastKnownFileType = sourcecode.swift; path = iADInterStitialTestTests.swift; sourceTree = "<group>"; };
		D0CCC45F1AFA05B7009B1E47 /* iAd.framework */ = {isa = PBXFileReference; lastKnownFileType = wrapper.framework; name = iAd.framework; path = System/Library/Frameworks/iAd.framework; sourceTree = SDKROOT; };
		D0CCC4631AFA1306009B1E47 /* close.png */ = {isa = PBXFileReference; lastKnownFileType = image.png; path = close.png; sourceTree = "<group>"; };
/* End PBXFileReference section */

/* Begin PBXFrameworksBuildPhase section */
		D0CCC4331AFA0586009B1E47 /* Frameworks */ = {
			isa = PBXFrameworksBuildPhase;
			buildActionMask = 2147483647;
			files = (
				D0CCC4601AFA05B7009B1E47 /* iAd.framework in Frameworks */,
			);
			runOnlyForDeploymentPostprocessing = 0;
		};
		D0CCC44C1AFA0586009B1E47 /* Frameworks */ = {
			isa = PBXFrameworksBuildPhase;
			buildActionMask = 2147483647;
			files = (
			);
			runOnlyForDeploymentPostprocessing = 0;
		};
/* End PBXFrameworksBuildPhase section */

/* Begin PBXGroup section */
		D0CCC42D1AFA0586009B1E47 = {
			isa = PBXGroup;
			children = (
				D0CCC45F1AFA05B7009B1E47 /* iAd.framework */,
				D0CCC4381AFA0586009B1E47 /* iADInterStitialTest */,
				D0CCC4521AFA0586009B1E47 /* iADInterStitialTestTests */,
				D0CCC4371AFA0586009B1E47 /* Products */,
			);
			sourceTree = "<group>";
		};
		D0CCC4371AFA0586009B1E47 /* Products */ = {
			isa = PBXGroup;
			children = (
				D0CCC4361AFA0586009B1E47 /* iADInterStitialTest.app */,
				D0CCC44F1AFA0586009B1E47 /* iADInterStitialTestTests.xctest */,
			);
			name = Products;
			sourceTree = "<group>";
		};
		D0CCC4381AFA0586009B1E47 /* iADInterStitialTest */ = {
			isa = PBXGroup;
			children = (
				D0CCC43B1AFA0586009B1E47 /* AppDelegate.swift */,
				D0CCC43D1AFA0586009B1E47 /* GameScene.sks */,
				D0CCC43F1AFA0586009B1E47 /* GameScene.swift */,
				D0CCC4411AFA0586009B1E47 /* GameViewController.swift */,
				D0CCC4631AFA1306009B1E47 /* close.png */,
				D0CCC4431AFA0586009B1E47 /* Main.storyboard */,
				D0CCC4461AFA0586009B1E47 /* Images.xcassets */,
				D0CCC4481AFA0586009B1E47 /* LaunchScreen.xib */,
				D0CCC4391AFA0586009B1E47 /* Supporting Files */,
			);
			path = iADInterStitialTest;
			sourceTree = "<group>";
		};
		D0CCC4391AFA0586009B1E47 /* Supporting Files */ = {
			isa = PBXGroup;
			children = (
				D0CCC43A1AFA0586009B1E47 /* Info.plist */,
			);
			name = "Supporting Files";
			sourceTree = "<group>";
		};
		D0CCC4521AFA0586009B1E47 /* iADInterStitialTestTests */ = {
			isa = PBXGroup;
			children = (
				D0CCC4551AFA0586009B1E47 /* iADInterStitialTestTests.swift */,
				D0CCC4531AFA0586009B1E47 /* Supporting Files */,
			);
			path = iADInterStitialTestTests;
			sourceTree = "<group>";
		};
		D0CCC4531AFA0586009B1E47 /* Supporting Files */ = {
			isa = PBXGroup;
			children = (
				D0CCC4541AFA0586009B1E47 /* Info.plist */,
			);
			name = "Supporting Files";
			sourceTree = "<group>";
		};
/* End PBXGroup section */

/* Begin PBXNativeTarget section */
		D0CCC4351AFA0586009B1E47 /* iADInterStitialTest */ = {
			isa = PBXNativeTarget;
			buildConfigurationList = D0CCC4591AFA0586009B1E47 /* Build configuration list for PBXNativeTarget "iADInterStitialTest" */;
			buildPhases = (
				D0CCC4321AFA0586009B1E47 /* Sources */,
				D0CCC4331AFA0586009B1E47 /* Frameworks */,
				D0CCC4341AFA0586009B1E47 /* Resources */,
			);
			buildRules = (
			);
			dependencies = (
			);
			name = iADInterStitialTest;
			productName = iADInterStitialTest;
			productReference = D0CCC4361AFA0586009B1E47 /* iADInterStitialTest.app */;
			productType = "com.apple.product-type.application";
		};
		D0CCC44E1AFA0586009B1E47 /* iADInterStitialTestTests */ = {
			isa = PBXNativeTarget;
			buildConfigurationList = D0CCC45C1AFA0586009B1E47 /* Build configuration list for PBXNativeTarget "iADInterStitialTestTests" */;
			buildPhases = (
				D0CCC44B1AFA0586009B1E47 /* Sources */,
				D0CCC44C1AFA0586009B1E47 /* Frameworks */,
				D0CCC44D1AFA0586009B1E47 /* Resources */,
			);
			buildRules = (
			);
			dependencies = (
				D0CCC4511AFA0586009B1E47 /* PBXTargetDependency */,
			);
			name = iADInterStitialTestTests;
			productName = iADInterStitialTestTests;
			productReference = D0CCC44F1AFA0586009B1E47 /* iADInterStitialTestTests.xctest */;
			productType = "com.apple.product-type.bundle.unit-test";
		};
/* End PBXNativeTarget section */

/* Begin PBXProject section */
		D0CCC42E1AFA0586009B1E47 /* Project object */ = {
			isa = PBXProject;
			attributes = {
				LastUpgradeCheck = 0630;
				ORGANIZATIONNAME = BrainLab;
				TargetAttributes = {
					D0CCC4351AFA0586009B1E47 = {
						CreatedOnToolsVersion = 6.3.1;
					};
					D0CCC44E1AFA0586009B1E47 = {
						CreatedOnToolsVersion = 6.3.1;
						TestTargetID = D0CCC4351AFA0586009B1E47;
					};
				};
			};
			buildConfigurationList = D0CCC4311AFA0586009B1E47 /* Build configuration list for PBXProject "iADInterStitialTest" */;
			compatibilityVersion = "Xcode 3.2";
			developmentRegion = English;
			hasScannedForEncodings = 0;
			knownRegions = (
				en,
				Base,
			);
			mainGroup = D0CCC42D1AFA0586009B1E47;
			productRefGroup = D0CCC4371AFA0586009B1E47 /* Products */;
			projectDirPath = "";
			projectRoot = "";
			targets = (
				D0CCC4351AFA0586009B1E47 /* iADInterStitialTest */,
				D0CCC44E1AFA0586009B1E47 /* iADInterStitialTestTests */,
			);
		};
/* End PBXProject section */

/* Begin PBXResourcesBuildPhase section */
		D0CCC4341AFA0586009B1E47 /* Resources */ = {
			isa = PBXResourcesBuildPhase;
			buildActionMask = 2147483647;
			files = (
				D0CCC4641AFA1306009B1E47 /* close.png in Resources */,
				D0CCC44A1AFA0586009B1E47 /* LaunchScreen.xib in Resources */,
				D0CCC4471AFA0586009B1E47 /* Images.xcassets in Resources */,
				D0CCC43E1AFA0586009B1E47 /* GameScene.sks in Resources */,
				D0CCC4451AFA0586009B1E47 /* Main.storyboard in Resources */,
			);
			runOnlyForDeploymentPostprocessing = 0;
		};
		D0CCC44D1AFA0586009B1E47 /* Resources */ = {
			isa = PBXResourcesBuildPhase;
			buildActionMask = 2147483647;
			files = (
			);
			runOnlyForDeploymentPostprocessing = 0;
		};
/* End PBXResourcesBuildPhase section */

/* Begin PBXSourcesBuildPhase section */
		D0CCC4321AFA0586009B1E47 /* Sources */ = {
			isa = PBXSourcesBuildPhase;
			buildActionMask = 2147483647;
			files = (
				D0CCC4401AFA0586009B1E47 /* GameScene.swift in Sources */,
				D0CCC4421AFA0586009B1E47 /* GameViewController.swift in Sources */,
				D0CCC43C1AFA0586009B1E47 /* AppDelegate.swift in Sources */,
			);
			runOnlyForDeploymentPostprocessing = 0;
		};
		D0CCC44B1AFA0586009B1E47 /* Sources */ = {
			isa = PBXSourcesBuildPhase;
			buildActionMask = 2147483647;
			files = (
				D0CCC4561AFA0586009B1E47 /* iADInterStitialTestTests.swift in Sources */,
			);
			runOnlyForDeploymentPostprocessing = 0;
		};
/* End PBXSourcesBuildPhase section */

/* Begin PBXTargetDependency section */
		D0CCC4511AFA0586009B1E47 /* PBXTargetDependency */ = {
			isa = PBXTargetDependency;
			target = D0CCC4351AFA0586009B1E47 /* iADInterStitialTest */;
			targetProxy = D0CCC4501AFA0586009B1E47 /* PBXContainerItemProxy */;
		};
/* End PBXTargetDependency section */

/* Begin PBXVariantGroup section */
		D0CCC4431AFA0586009B1E47 /* Main.storyboard */ = {
			isa = PBXVariantGroup;
			children = (
				D0CCC4441AFA0586009B1E47 /* Base */,
			);
			name = Main.storyboard;
			sourceTree = "<group>";
		};
		D0CCC4481AFA0586009B1E47 /* LaunchScreen.xib */ = {
			isa = PBXVariantGroup;
			children = (
				D0CCC4491AFA0586009B1E47 /* Base */,
			);
			name = LaunchScreen.xib;
			sourceTree = "<group>";
		};
/* End PBXVariantGroup section */

/* Begin XCBuildConfiguration section */
		D0CCC4571AFA0586009B1E47 /* Debug */ = {
			isa = XCBuildConfiguration;
			buildSettings = {
				ALWAYS_SEARCH_USER_PATHS = NO;
				CLANG_CXX_LANGUAGE_STANDARD = "gnu++0x";
				CLANG_CXX_LIBRARY = "libc++";
				CLANG_ENABLE_MODULES = YES;
				CLANG_ENABLE_OBJC_ARC = YES;
				CLANG_WARN_BOOL_CONVERSION = YES;
				CLANG_WARN_CONSTANT_CONVERSION = YES;
				CLANG_WARN_DIRECT_OBJC_ISA_USAGE = YES_ERROR;
				CLANG_WARN_EMPTY_BODY = YES;
				CLANG_WARN_ENUM_CONVERSION = YES;
				CLANG_WARN_INT_CONVERSION = YES;
				CLANG_WARN_OBJC_ROOT_CLASS = YES_ERROR;
				CLANG_WARN_UNREACHABLE_CODE = YES;
				CLANG_WARN__DUPLICATE_METHOD_MATCH = YES;
				"CODE_SIGN_IDENTITY[sdk=iphoneos*]" = "iPhone Developer";
				COPY_PHASE_STRIP = NO;
				DEBUG_INFORMATION_FORMAT = "dwarf-with-dsym";
				ENABLE_STRICT_OBJC_MSGSEND = YES;
				GCC_C_LANGUAGE_STANDARD = gnu99;
				GCC_DYNAMIC_NO_PIC = NO;
				GCC_NO_COMMON_BLOCKS = YES;
				GCC_OPTIMIZATION_LEVEL = 0;
				GCC_PREPROCESSOR_DEFINITIONS = (
					"DEBUG=1",
					"$(inherited)",
				);
				GCC_SYMBOLS_PRIVATE_EXTERN = NO;
				GCC_WARN_64_TO_32_BIT_CONVERSION = YES;
				GCC_WARN_ABOUT_RETURN_TYPE = YES_ERROR;
				GCC_WARN_UNDECLARED_SELECTOR = YES;
				GCC_WARN_UNINITIALIZED_AUTOS = YES_AGGRESSIVE;
				GCC_WARN_UNUSED_FUNCTION = YES;
				GCC_WARN_UNUSED_VARIABLE = YES;
				IPHONEOS_DEPLOYMENT_TARGET = 8.3;
				MTL_ENABLE_DEBUG_INFO = YES;
				ONLY_ACTIVE_ARCH = YES;
				SDKROOT = iphoneos;
				SWIFT_OPTIMIZATION_LEVEL = "-Onone";
				TARGETED_DEVICE_FAMILY = "1,2";
			};
			name = Debug;
		};
		D0CCC4581AFA0586009B1E47 /* Release */ = {
			isa = XCBuildConfiguration;
			buildSettings = {
				ALWAYS_SEARCH_USER_PATHS = NO;
				CLANG_CXX_LANGUAGE_STANDARD = "gnu++0x";
				CLANG_CXX_LIBRARY = "libc++";
				CLANG_ENABLE_MODULES = YES;
				CLANG_ENABLE_OBJC_ARC = YES;
				CLANG_WARN_BOOL_CONVERSION = YES;
				CLANG_WARN_CONSTANT_CONVERSION = YES;
				CLANG_WARN_DIRECT_OBJC_ISA_USAGE = YES_ERROR;
				CLANG_WARN_EMPTY_BODY = YES;
				CLANG_WARN_ENUM_CONVERSION = YES;
				CLANG_WARN_INT_CONVERSION = YES;
				CLANG_WARN_OBJC_ROOT_CLASS = YES_ERROR;
				CLANG_WARN_UNREACHABLE_CODE = YES;
				CLANG_WARN__DUPLICATE_METHOD_MATCH = YES;
				"CODE_SIGN_IDENTITY[sdk=iphoneos*]" = "iPhone Developer";
				COPY_PHASE_STRIP = NO;
				DEBUG_INFORMATION_FORMAT = "dwarf-with-dsym";
				ENABLE_NS_ASSERTIONS = NO;
				ENABLE_STRICT_OBJC_MSGSEND = YES;
				GCC_C_LANGUAGE_STANDARD = gnu99;
				GCC_NO_COMMON_BLOCKS = YES;
				GCC_WARN_64_TO_32_BIT_CONVERSION = YES;
				GCC_WARN_ABOUT_RETURN_TYPE = YES_ERROR;
				GCC_WARN_UNDECLARED_SELECTOR = YES;
				GCC_WARN_UNINITIALIZED_AUTOS = YES_AGGRESSIVE;
				GCC_WARN_UNUSED_FUNCTION = YES;
				GCC_WARN_UNUSED_VARIABLE = YES;
				IPHONEOS_DEPLOYMENT_TARGET = 8.3;
				MTL_ENABLE_DEBUG_INFO = NO;
				SDKROOT = iphoneos;
				TARGETED_DEVICE_FAMILY = "1,2";
				VALIDATE_PRODUCT = YES;
			};
			name = Release;
		};
		D0CCC45A1AFA0586009B1E47 /* Debug */ = {
			isa = XCBuildConfiguration;
			buildSettings = {
				ASSETCATALOG_COMPILER_APPICON_NAME = AppIcon;
				INFOPLIST_FILE = iADInterStitialTest/Info.plist;
				LD_RUNPATH_SEARCH_PATHS = "$(inherited) @executable_path/Frameworks";
				PRODUCT_NAME = "$(TARGET_NAME)";
			};
			name = Debug;
		};
		D0CCC45B1AFA0586009B1E47 /* Release */ = {
			isa = XCBuildConfiguration;
			buildSettings = {
				ASSETCATALOG_COMPILER_APPICON_NAME = AppIcon;
				INFOPLIST_FILE = iADInterStitialTest/Info.plist;
				LD_RUNPATH_SEARCH_PATHS = "$(inherited) @executable_path/Frameworks";
				PRODUCT_NAME = "$(TARGET_NAME)";
			};
			name = Release;
		};
		D0CCC45D1AFA0586009B1E47 /* Debug */ = {
			isa = XCBuildConfiguration;
			buildSettings = {
				BUNDLE_LOADER = "$(TEST_HOST)";
				FRAMEWORK_SEARCH_PATHS = (
					"$(SDKROOT)/Developer/Library/Frameworks",
					"$(inherited)",
				);
				GCC_PREPROCESSOR_DEFINITIONS = (
					"DEBUG=1",
					"$(inherited)",
				);
				INFOPLIST_FILE = iADInterStitialTestTests/Info.plist;
				LD_RUNPATH_SEARCH_PATHS = "$(inherited) @executable_path/Frameworks @loader_path/Frameworks";
				PRODUCT_NAME = "$(TARGET_NAME)";
				TEST_HOST = "$(BUILT_PRODUCTS_DIR)/iADInterStitialTest.app/iADInterStitialTest";
			};
			name = Debug;
		};
		D0CCC45E1AFA0586009B1E47 /* Release */ = {
			isa = XCBuildConfiguration;
			buildSettings = {
				BUNDLE_LOADER = "$(TEST_HOST)";
				FRAMEWORK_SEARCH_PATHS = (
					"$(SDKROOT)/Developer/Library/Frameworks",
					"$(inherited)",
				);
				INFOPLIST_FILE = iADInterStitialTestTests/Info.plist;
				LD_RUNPATH_SEARCH_PATHS = "$(inherited) @executable_path/Frameworks @loader_path/Frameworks";
				PRODUCT_NAME = "$(TARGET_NAME)";
				TEST_HOST = "$(BUILT_PRODUCTS_DIR)/iADInterStitialTest.app/iADInterStitialTest";
			};
			name = Release;
		};
/* End XCBuildConfiguration section */

/* Begin XCConfigurationList section */
		D0CCC4311AFA0586009B1E47 /* Build configuration list for PBXProject "iADInterStitialTest" */ = {
			isa = XCConfigurationList;
			buildConfigurations = (
				D0CCC4571AFA0586009B1E47 /* Debug */,
				D0CCC4581AFA0586009B1E47 /* Release */,
			);
			defaultConfigurationIsVisible = 0;
			defaultConfigurationName = Release;
		};
		D0CCC4591AFA0586009B1E47 /* Build configuration list for PBXNativeTarget "iADInterStitialTest" */ = {
			isa = XCConfigurationList;
			buildConfigurations = (
				D0CCC45A1AFA0586009B1E47 /* Debug */,
				D0CCC45B1AFA0586009B1E47 /* Release */,
			);
			defaultConfigurationIsVisible = 0;
		};
		D0CCC45C1AFA0586009B1E47 /* Build configuration list for PBXNativeTarget "iADInterStitialTestTests" */ = {
			isa = XCConfigurationList;
			buildConfigurations = (
				D0CCC45D1AFA0586009B1E47 /* Debug */,
				D0CCC45E1AFA0586009B1E47 /* Release */,
			);
			defaultConfigurationIsVisible = 0;
		};
/* End XCConfigurationList section */
	};
	rootObject = D0CCC42E1AFA0586009B1E47 /* Project object */;
}
